// !$*UTF8*$!
{
	archiveVersion = 1;
	classes = {
	};
	objectVersion = 48;
	objects = {

/* Begin PBXBuildFile section */
		AF07A5BE1FFF680E00072471 /* AppDelegate.swift in Sources */ = {isa = PBXBuildFile; fileRef = AF07A5BD1FFF680E00072471 /* AppDelegate.swift */; };
		AF07A5C01FFF680E00072471 /* ViewController.swift in Sources */ = {isa = PBXBuildFile; fileRef = AF07A5BF1FFF680E00072471 /* ViewController.swift */; };
		AF07A5C31FFF680E00072471 /* Main.storyboard in Resources */ = {isa = PBXBuildFile; fileRef = AF07A5C11FFF680E00072471 /* Main.storyboard */; };
		AF07A5C51FFF680E00072471 /* Assets.xcassets in Resources */ = {isa = PBXBuildFile; fileRef = AF07A5C41FFF680E00072471 /* Assets.xcassets */; };
		AF07A5C81FFF680E00072471 /* LaunchScreen.storyboard in Resources */ = {isa = PBXBuildFile; fileRef = AF07A5C61FFF680E00072471 /* LaunchScreen.storyboard */; };
		AF07A5D31FFF680E00072471 /* Control_FunTests.swift in Sources */ = {isa = PBXBuildFile; fileRef = AF07A5D21FFF680E00072471 /* Control_FunTests.swift */; };
		AF07A5DE1FFF680E00072471 /* Control_FunUITests.swift in Sources */ = {isa = PBXBuildFile; fileRef = AF07A5DD1FFF680E00072471 /* Control_FunUITests.swift */; };
		AF07A5EF1FFF6DD600072471 /* images in Resources */ = {isa = PBXBuildFile; fileRef = AF07A5EE1FFF6DD500072471 /* images */; };
/* End PBXBuildFile section */

/* Begin PBXContainerItemProxy section */
		AF07A5CF1FFF680E00072471 /* PBXContainerItemProxy */ = {
			isa = PBXContainerItemProxy;
			containerPortal = AF07A5B21FFF680E00072471 /* Project object */;
			proxyType = 1;
			remoteGlobalIDString = AF07A5B91FFF680E00072471;
			remoteInfo = "Control Fun";
		};
		AF07A5DA1FFF680E00072471 /* PBXContainerItemProxy */ = {
			isa = PBXContainerItemProxy;
			containerPortal = AF07A5B21FFF680E00072471 /* Project object */;
			proxyType = 1;
			remoteGlobalIDString = AF07A5B91FFF680E00072471;
			remoteInfo = "Control Fun";
		};
/* End PBXContainerItemProxy section */

/* Begin PBXFileReference section */
		AF07A5BA1FFF680E00072471 /* Control Fun.app */ = {isa = PBXFileReference; explicitFileType = wrapper.application; includeInIndex = 0; path = "Control Fun.app"; sourceTree = BUILT_PRODUCTS_DIR; };
		AF07A5BD1FFF680E00072471 /* AppDelegate.swift */ = {isa = PBXFileReference; lastKnownFileType = sourcecode.swift; path = AppDelegate.swift; sourceTree = "<group>"; };
		AF07A5BF1FFF680E00072471 /* ViewController.swift */ = {isa = PBXFileReference; lastKnownFileType = sourcecode.swift; path = ViewController.swift; sourceTree = "<group>"; };
		AF07A5C21FFF680E00072471 /* Base */ = {isa = PBXFileReference; lastKnownFileType = file.storyboard; name = Base; path = Base.lproj/Main.storyboard; sourceTree = "<group>"; };
		AF07A5C41FFF680E00072471 /* Assets.xcassets */ = {isa = PBXFileReference; lastKnownFileType = folder.assetcatalog; path = Assets.xcassets; sourceTree = "<group>"; };
		AF07A5C71FFF680E00072471 /* Base */ = {isa = PBXFileReference; lastKnownFileType = file.storyboard; name = Base; path = Base.lproj/LaunchScreen.storyboard; sourceTree = "<group>"; };
		AF07A5C91FFF680E00072471 /* Info.plist */ = {isa = PBXFileReference; lastKnownFileType = text.plist.xml; path = Info.plist; sourceTree = "<group>"; };
		AF07A5CE1FFF680E00072471 /* Control FunTests.xctest */ = {isa = PBXFileReference; explicitFileType = wrapper.cfbundle; includeInIndex = 0; path = "Control FunTests.xctest"; sourceTree = BUILT_PRODUCTS_DIR; };
		AF07A5D21FFF680E00072471 /* Control_FunTests.swift */ = {isa = PBXFileReference; lastKnownFileType = sourcecode.swift; path = Control_FunTests.swift; sourceTree = "<group>"; };
		AF07A5D41FFF680E00072471 /* Info.plist */ = {isa = PBXFileReference; lastKnownFileType = text.plist.xml; path = Info.plist; sourceTree = "<group>"; };
		AF07A5D91FFF680E00072471 /* Control FunUITests.xctest */ = {isa = PBXFileReference; explicitFileType = wrapper.cfbundle; includeInIndex = 0; path = "Control FunUITests.xctest"; sourceTree = BUILT_PRODUCTS_DIR; };
		AF07A5DD1FFF680E00072471 /* Control_FunUITests.swift */ = {isa = PBXFileReference; lastKnownFileType = sourcecode.swift; path = Control_FunUITests.swift; sourceTree = "<group>"; };
		AF07A5DF1FFF680E00072471 /* Info.plist */ = {isa = PBXFileReference; lastKnownFileType = text.plist.xml; path = Info.plist; sourceTree = "<group>"; };
		AF07A5EE1FFF6DD500072471 /* images */ = {isa = PBXFileReference; lastKnownFileType = folder; path = images; sourceTree = "<group>"; };
/* End PBXFileReference section */

/* Begin PBXFrameworksBuildPhase section */
		AF07A5B71FFF680E00072471 /* Frameworks */ = {
			isa = PBXFrameworksBuildPhase;
			buildActionMask = 2147483647;
			files = (
			);
			runOnlyForDeploymentPostprocessing = 0;
		};
		AF07A5CB1FFF680E00072471 /* Frameworks */ = {
			isa = PBXFrameworksBuildPhase;
			buildActionMask = 2147483647;
			files = (
			);
			runOnlyForDeploymentPostprocessing = 0;
		};
		AF07A5D61FFF680E00072471 /* Frameworks */ = {
			isa = PBXFrameworksBuildPhase;
			buildActionMask = 2147483647;
			files = (
			);
			runOnlyForDeploymentPostprocessing = 0;
		};
/* End PBXFrameworksBuildPhase section */

/* Begin PBXGroup section */
		AF07A5B11FFF680E00072471 = {
			isa = PBXGroup;
			children = (
				AF07A5BC1FFF680E00072471 /* Control Fun */,
				AF07A5D11FFF680E00072471 /* Control FunTests */,
				AF07A5DC1FFF680E00072471 /* Control FunUITests */,
				AF07A5BB1FFF680E00072471 /* Products */,
			);
			sourceTree = "<group>";
		};
		AF07A5BB1FFF680E00072471 /* Products */ = {
			isa = PBXGroup;
			children = (
				AF07A5BA1FFF680E00072471 /* Control Fun.app */,
				AF07A5CE1FFF680E00072471 /* Control FunTests.xctest */,
				AF07A5D91FFF680E00072471 /* Control FunUITests.xctest */,
			);
			name = Products;
			sourceTree = "<group>";
		};
		AF07A5BC1FFF680E00072471 /* Control Fun */ = {
			isa = PBXGroup;
			children = (
				AF07A5BD1FFF680E00072471 /* AppDelegate.swift */,
				AF07A5BF1FFF680E00072471 /* ViewController.swift */,
				AF07A5C11FFF680E00072471 /* Main.storyboard */,
				AF07A5C41FFF680E00072471 /* Assets.xcassets */,
				AF07A5EE1FFF6DD500072471 /* images */,
				AF07A5C61FFF680E00072471 /* LaunchScreen.storyboard */,
				AF07A5C91FFF680E00072471 /* Info.plist */,
			);
			path = "Control Fun";
			sourceTree = "<group>";
		};
		AF07A5D11FFF680E00072471 /* Control FunTests */ = {
			isa = PBXGroup;
			children = (
				AF07A5D21FFF680E00072471 /* Control_FunTests.swift */,
				AF07A5D41FFF680E00072471 /* Info.plist */,
			);
			path = "Control FunTests";
			sourceTree = "<group>";
		};
		AF07A5DC1FFF680E00072471 /* Control FunUITests */ = {
			isa = PBXGroup;
			children = (
				AF07A5DD1FFF680E00072471 /* Control_FunUITests.swift */,
				AF07A5DF1FFF680E00072471 /* Info.plist */,
			);
			path = "Control FunUITests";
			sourceTree = "<group>";
		};
/* End PBXGroup section */

/* Begin PBXNativeTarget section */
		AF07A5B91FFF680E00072471 /* Control Fun */ = {
			isa = PBXNativeTarget;
			buildConfigurationList = AF07A5E21FFF680E00072471 /* Build configuration list for PBXNativeTarget "Control Fun" */;
			buildPhases = (
				AF07A5B61FFF680E00072471 /* Sources */,
				AF07A5B71FFF680E00072471 /* Frameworks */,
				AF07A5B81FFF680E00072471 /* Resources */,
			);
			buildRules = (
			);
			dependencies = (
			);
			name = "Control Fun";
			productName = "Control Fun";
			productReference = AF07A5BA1FFF680E00072471 /* Control Fun.app */;
			productType = "com.apple.product-type.application";
		};
		AF07A5CD1FFF680E00072471 /* Control FunTests */ = {
			isa = PBXNativeTarget;
			buildConfigurationList = AF07A5E51FFF680E00072471 /* Build configuration list for PBXNativeTarget "Control FunTests" */;
			buildPhases = (
				AF07A5CA1FFF680E00072471 /* Sources */,
				AF07A5CB1FFF680E00072471 /* Frameworks */,
				AF07A5CC1FFF680E00072471 /* Resources */,
			);
			buildRules = (
			);
			dependencies = (
				AF07A5D01FFF680E00072471 /* PBXTargetDependency */,
			);
			name = "Control FunTests";
			productName = "Control FunTests";
			productReference = AF07A5CE1FFF680E00072471 /* Control FunTests.xctest */;
			productType = "com.apple.product-type.bundle.unit-test";
		};
		AF07A5D81FFF680E00072471 /* Control FunUITests */ = {
			isa = PBXNativeTarget;
			buildConfigurationList = AF07A5E81FFF680E00072471 /* Build configuration list for PBXNativeTarget "Control FunUITests" */;
			buildPhases = (
				AF07A5D51FFF680E00072471 /* Sources */,
				AF07A5D61FFF680E00072471 /* Frameworks */,
				AF07A5D71FFF680E00072471 /* Resources */,
			);
			buildRules = (
			);
			dependencies = (
				AF07A5DB1FFF680E00072471 /* PBXTargetDependency */,
			);
			name = "Control FunUITests";
			productName = "Control FunUITests";
			productReference = AF07A5D91FFF680E00072471 /* Control FunUITests.xctest */;
			productType = "com.apple.product-type.bundle.ui-testing";
		};
/* End PBXNativeTarget section */

/* Begin PBXProject section */
		AF07A5B21FFF680E00072471 /* Project object */ = {
			isa = PBXProject;
			attributes = {
				LastSwiftUpdateCheck = 0920;
				LastUpgradeCheck = 0920;
				ORGANIZATIONNAME = xiaobolo;
				TargetAttributes = {
					AF07A5B91FFF680E00072471 = {
						CreatedOnToolsVersion = 9.2;
						ProvisioningStyle = Automatic;
					};
					AF07A5CD1FFF680E00072471 = {
						CreatedOnToolsVersion = 9.2;
						ProvisioningStyle = Automatic;
						TestTargetID = AF07A5B91FFF680E00072471;
					};
					AF07A5D81FFF680E00072471 = {
						CreatedOnToolsVersion = 9.2;
						ProvisioningStyle = Automatic;
						TestTargetID = AF07A5B91FFF680E00072471;
					};
				};
			};
			buildConfigurationList = AF07A5B51FFF680E00072471 /* Build configuration list for PBXProject "Control Fun" */;
			compatibilityVersion = "Xcode 8.0";
			developmentRegion = en;
			hasScannedForEncodings = 0;
			knownRegions = (
				en,
				Base,
			);
			mainGroup = AF07A5B11FFF680E00072471;
			productRefGroup = AF07A5BB1FFF680E00072471 /* Products */;
			projectDirPath = "";
			projectRoot = "";
			targets = (
				AF07A5B91FFF680E00072471 /* Control Fun */,
				AF07A5CD1FFF680E00072471 /* Control FunTests */,
				AF07A5D81FFF680E00072471 /* Control FunUITests */,
			);
		};
/* End PBXProject section */

/* Begin PBXResourcesBuildPhase section */
		AF07A5B81FFF680E00072471 /* Resources */ = {
			isa = PBXResourcesBuildPhase;
			buildActionMask = 2147483647;
			files = (
				AF07A5EF1FFF6DD600072471 /* images in Resources */,
				AF07A5C81FFF680E00072471 /* LaunchScreen.storyboard in Resources */,
				AF07A5C51FFF680E00072471 /* Assets.xcassets in Resources */,
				AF07A5C31FFF680E00072471 /* Main.storyboard in Resources */,
			);
			runOnlyForDeploymentPostprocessing = 0;
		};
		AF07A5CC1FFF680E00072471 /* Resources */ = {
			isa = PBXResourcesBuildPhase;
			buildActionMask = 2147483647;
			files = (
			);
			runOnlyForDeploymentPostprocessing = 0;
		};
		AF07A5D71FFF680E00072471 /* Resources */ = {
			isa = PBXResourcesBuildPhase;
			buildActionMask = 2147483647;
			files = (
			);
			runOnlyForDeploymentPostprocessing = 0;
		};
/* End PBXResourcesBuildPhase section */

/* Begin PBXSourcesBuildPhase section */
		AF07A5B61FFF680E00072471 /* Sources */ = {
			isa = PBXSourcesBuildPhase;
			buildActionMask = 2147483647;
			files = (
				AF07A5C01FFF680E00072471 /* ViewController.swift in Sources */,
				AF07A5BE1FFF680E00072471 /* AppDelegate.swift in Sources */,
			);
			runOnlyForDeploymentPostprocessing = 0;
		};
		AF07A5CA1FFF680E00072471 /* Sources */ = {
			isa = PBXSourcesBuildPhase;
			buildActionMask = 2147483647;
			files = (
				AF07A5D31FFF680E00072471 /* Control_FunTests.swift in Sources */,
			);
			runOnlyForDeploymentPostprocessing = 0;
		};
		AF07A5D51FFF680E00072471 /* Sources */ = {
			isa = PBXSourcesBuildPhase;
			buildActionMask = 2147483647;
			files = (
				AF07A5DE1FFF680E00072471 /* Control_FunUITests.swift in Sources */,
			);
			runOnlyForDeploymentPostprocessing = 0;
		};
/* End PBXSourcesBuildPhase section */

/* Begin PBXTargetDependency section */
		AF07A5D01FFF680E00072471 /* PBXTargetDependency */ = {
			isa = PBXTargetDependency;
			target = AF07A5B91FFF680E00072471 /* Control Fun */;
			targetProxy = AF07A5CF1FFF680E00072471 /* PBXContainerItemProxy */;
		};
		AF07A5DB1FFF680E00072471 /* PBXTargetDependency */ = {
			isa = PBXTargetDependency;
			target = AF07A5B91FFF680E00072471 /* Control Fun */;
			targetProxy = AF07A5DA1FFF680E00072471 /* PBXContainerItemProxy */;
		};
/* End PBXTargetDependency section */

/* Begin PBXVariantGroup section */
		AF07A5C11FFF680E00072471 /* Main.storyboard */ = {
			isa = PBXVariantGroup;
			children = (
				AF07A5C21FFF680E00072471 /* Base */,
			);
			name = Main.storyboard;
			sourceTree = "<group>";
		};
		AF07A5C61FFF680E00072471 /* LaunchScreen.storyboard */ = {
			isa = PBXVariantGroup;
			children = (
				AF07A5C71FFF680E00072471 /* Base */,
			);
			name = LaunchScreen.storyboard;
			sourceTree = "<group>";
		};
/* End PBXVariantGroup section */

/* Begin XCBuildConfiguration section */
		AF07A5E01FFF680E00072471 /* Debug */ = {
			isa = XCBuildConfiguration;
			buildSettings = {
				ALWAYS_SEARCH_USER_PATHS = NO;
				CLANG_ANALYZER_NONNULL = YES;
				CLANG_ANALYZER_NUMBER_OBJECT_CONVERSION = YES_AGGRESSIVE;
				CLANG_CXX_LANGUAGE_STANDARD = "gnu++14";
				CLANG_CXX_LIBRARY = "libc++";
				CLANG_ENABLE_MODULES = YES;
				CLANG_ENABLE_OBJC_ARC = YES;
				CLANG_WARN_BLOCK_CAPTURE_AUTORELEASING = YES;
				CLANG_WARN_BOOL_CONVERSION = YES;
				CLANG_WARN_COMMA = YES;
				CLANG_WARN_CONSTANT_CONVERSION = YES;
				CLANG_WARN_DIRECT_OBJC_ISA_USAGE = YES_ERROR;
				CLANG_WARN_DOCUMENTATION_COMMENTS = YES;
				CLANG_WARN_EMPTY_BODY = YES;
				CLANG_WARN_ENUM_CONVERSION = YES;
				CLANG_WARN_INFINITE_RECURSION = YES;
				CLANG_WARN_INT_CONVERSION = YES;
				CLANG_WARN_NON_LITERAL_NULL_CONVERSION = YES;
				CLANG_WARN_OBJC_LITERAL_CONVERSION = YES;
				CLANG_WARN_OBJC_ROOT_CLASS = YES_ERROR;
				CLANG_WARN_RANGE_LOOP_ANALYSIS = YES;
				CLANG_WARN_STRICT_PROTOTYPES = YES;
				CLANG_WARN_SUSPICIOUS_MOVE = YES;
				CLANG_WARN_UNGUARDED_AVAILABILITY = YES_AGGRESSIVE;
				CLANG_WARN_UNREACHABLE_CODE = YES;
				CLANG_WARN__DUPLICATE_METHOD_MATCH = YES;
				CODE_SIGN_IDENTITY = "iPhone Developer";
				COPY_PHASE_STRIP = NO;
				DEBUG_INFORMATION_FORMAT = dwarf;
				ENABLE_STRICT_OBJC_MSGSEND = YES;
				ENABLE_TESTABILITY = YES;
				GCC_C_LANGUAGE_STANDARD = gnu11;
				GCC_DYNAMIC_NO_PIC = NO;
				GCC_NO_COMMON_BLOCKS = YES;
				GCC_OPTIMIZATION_LEVEL = 0;
				GCC_PREPROCESSOR_DEFINITIONS = (
					"DEBUG=1",
					"$(inherited)",
				);
				GCC_WARN_64_TO_32_BIT_CONVERSION = YES;
				GCC_WARN_ABOUT_RETURN_TYPE = YES_ERROR;
				GCC_WARN_UNDECLARED_SELECTOR = YES;
				GCC_WARN_UNINITIALIZED_AUTOS = YES_AGGRESSIVE;
				GCC_WARN_UNUSED_FUNCTION = YES;
				GCC_WARN_UNUSED_VARIABLE = YES;
				IPHONEOS_DEPLOYMENT_TARGET = 11.2;
				MTL_ENABLE_DEBUG_INFO = YES;
				ONLY_ACTIVE_ARCH = YES;
				SDKROOT = iphoneos;
				SWIFT_ACTIVE_COMPILATION_CONDITIONS = DEBUG;
				SWIFT_OPTIMIZATION_LEVEL = "-Onone";
			};
			name = Debug;
		};
		AF07A5E11FFF680E00072471 /* Release */ = {
			isa = XCBuildConfiguration;
			buildSettings = {
				ALWAYS_SEARCH_USER_PATHS = NO;
				CLANG_ANALYZER_NONNULL = YES;
				CLANG_ANALYZER_NUMBER_OBJECT_CONVERSION = YES_AGGRESSIVE;
				CLANG_CXX_LANGUAGE_STANDARD = "gnu++14";
				CLANG_CXX_LIBRARY = "libc++";
				CLANG_ENABLE_MODULES = YES;
				CLANG_ENABLE_OBJC_ARC = YES;
				CLANG_WARN_BLOCK_CAPTURE_AUTORELEASING = YES;
				CLANG_WARN_BOOL_CONVERSION = YES;
				CLANG_WARN_COMMA = YES;
				CLANG_WARN_CONSTANT_CONVERSION = YES;
				CLANG_WARN_DIRECT_OBJC_ISA_USAGE = YES_ERROR;
				CLANG_WARN_DOCUMENTATION_COMMENTS = YES;
				CLANG_WARN_EMPTY_BODY = YES;
				CLANG_WARN_ENUM_CONVERSION = YES;
				CLANG_WARN_INFINITE_RECURSION = YES;
				CLANG_WARN_INT_CONVERSION = YES;
				CLANG_WARN_NON_LITERAL_NULL_CONVERSION = YES;
				CLANG_WARN_OBJC_LITERAL_CONVERSION = YES;
				CLANG_WARN_OBJC_ROOT_CLASS = YES_ERROR;
				CLANG_WARN_RANGE_LOOP_ANALYSIS = YES;
				CLANG_WARN_STRICT_PROTOTYPES = YES;
				CLANG_WARN_SUSPICIOUS_MOVE = YES;
				CLANG_WARN_UNGUARDED_AVAILABILITY = YES_AGGRESSIVE;
				CLANG_WARN_UNREACHABLE_CODE = YES;
				CLANG_WARN__DUPLICATE_METHOD_MATCH = YES;
				CODE_SIGN_IDENTITY = "iPhone Developer";
				COPY_PHASE_STRIP = NO;
				DEBUG_INFORMATION_FORMAT = "dwarf-with-dsym";
				ENABLE_NS_ASSERTIONS = NO;
				ENABLE_STRICT_OBJC_MSGSEND = YES;
				GCC_C_LANGUAGE_STANDARD = gnu11;
				GCC_NO_COMMON_BLOCKS = YES;
				GCC_WARN_64_TO_32_BIT_CONVERSION = YES;
				GCC_WARN_ABOUT_RETURN_TYPE = YES_ERROR;
				GCC_WARN_UNDECLARED_SELECTOR = YES;
				GCC_WARN_UNINITIALIZED_AUTOS = YES_AGGRESSIVE;
				GCC_WARN_UNUSED_FUNCTION = YES;
				GCC_WARN_UNUSED_VARIABLE = YES;
				IPHONEOS_DEPLOYMENT_TARGET = 11.2;
				MTL_ENABLE_DEBUG_INFO = NO;
				SDKROOT = iphoneos;
				SWIFT_OPTIMIZATION_LEVEL = "-Owholemodule";
				VALIDATE_PRODUCT = YES;
			};
			name = Release;
		};
		AF07A5E31FFF680E00072471 /* Debug */ = {
			isa = XCBuildConfiguration;
			buildSettings = {
				ASSETCATALOG_COMPILER_APPICON_NAME = AppIcon;
				CODE_SIGN_STYLE = Automatic;
				DEVELOPMENT_TEAM = 7Q9BK493HU;
				INFOPLIST_FILE = "Control Fun/Info.plist";
				LD_RUNPATH_SEARCH_PATHS = "$(inherited) @executable_path/Frameworks";
				PRODUCT_BUNDLE_IDENTIFIER = "xiaobolo.Control-Fun";
				PRODUCT_NAME = "$(TARGET_NAME)";
				SWIFT_VERSION = 4.0;
				TARGETED_DEVICE_FAMILY = "1,2";
			};
			name = Debug;
		};
		AF07A5E41FFF680E00072471 /* Release */ = {
			isa = XCBuildConfiguration;
			buildSettings = {
				ASSETCATALOG_COMPILER_APPICON_NAME = AppIcon;
				CODE_SIGN_STYLE = Automatic;
				DEVELOPMENT_TEAM = 7Q9BK493HU;
				INFOPLIST_FILE = "Control Fun/Info.plist";
				LD_RUNPATH_SEARCH_PATHS = "$(inherited) @executable_path/Frameworks";
				PRODUCT_BUNDLE_IDENTIFIER = "xiaobolo.Control-Fun";
				PRODUCT_NAME = "$(TARGET_NAME)";
				SWIFT_VERSION = 4.0;
				TARGETED_DEVICE_FAMILY = "1,2";
			};
			name = Release;
		};
		AF07A5E61FFF680E00072471 /* Debug */ = {
			isa = XCBuildConfiguration;
			buildSettings = {
				ALWAYS_EMBED_SWIFT_STANDARD_LIBRARIES = YES;
				BUNDLE_LOADER = "$(TEST_HOST)";
				CODE_SIGN_STYLE = Automatic;
				DEVELOPMENT_TEAM = 7Q9BK493HU;
				INFOPLIST_FILE = "Control FunTests/Info.plist";
				LD_RUNPATH_SEARCH_PATHS = "$(inherited) @executable_path/Frameworks @loader_path/Frameworks";
				PRODUCT_BUNDLE_IDENTIFIER = "xiaobolo.Control-FunTests";
				PRODUCT_NAME = "$(TARGET_NAME)";
				SWIFT_VERSION = 4.0;
				TARGETED_DEVICE_FAMILY = "1,2";
				TEST_HOST = "$(BUILT_PRODUCTS_DIR)/Control Fun.app/Control Fun";
			};
			name = Debug;
		};
		AF07A5E71FFF680E00072471 /* Release */ = {
			isa = XCBuildConfiguration;
			buildSettings = {
				ALWAYS_EMBED_SWIFT_STANDARD_LIBRARIES = YES;
				BUNDLE_LOADER = "$(TEST_HOST)";
				CODE_SIGN_STYLE = Automatic;
				DEVELOPMENT_TEAM = 7Q9BK493HU;
				INFOPLIST_FILE = "Control FunTests/Info.plist";
				LD_RUNPATH_SEARCH_PATHS = "$(inherited) @executable_path/Frameworks @loader_path/Frameworks";
				PRODUCT_BUNDLE_IDENTIFIER = "xiaobolo.Control-FunTests";
				PRODUCT_NAME = "$(TARGET_NAME)";
				SWIFT_VERSION = 4.0;
				TARGETED_DEVICE_FAMILY = "1,2";
				TEST_HOST = "$(BUILT_PRODUCTS_DIR)/Control Fun.app/Control Fun";
			};
			name = Release;
		};
		AF07A5E91FFF680E00072471 /* Debug */ = {
			isa = XCBuildConfiguration;
			buildSettings = {
				ALWAYS_EMBED_SWIFT_STANDARD_LIBRARIES = YES;
				CODE_SIGN_STYLE = Automatic;
				DEVELOPMENT_TEAM = 7Q9BK493HU;
				INFOPLIST_FILE = "Control FunUITests/Info.plist";
				LD_RUNPATH_SEARCH_PATHS = "$(inherited) @executable_path/Frameworks @loader_path/Frameworks";
				PRODUCT_BUNDLE_IDENTIFIER = "xiaobolo.Control-FunUITests";
				PRODUCT_NAME = "$(TARGET_NAME)";
				SWIFT_VERSION = 4.0;
				TARGETED_DEVICE_FAMILY = "1,2";
				TEST_TARGET_NAME = "Control Fun";
			};
			name = Debug;
		};
		AF07A5EA1FFF680E00072471 /* Release */ = {
			isa = XCBuildConfiguration;
			buildSettings = {
				ALWAYS_EMBED_SWIFT_STANDARD_LIBRARIES = YES;
				CODE_SIGN_STYLE = Automatic;
				DEVELOPMENT_TEAM = 7Q9BK493HU;
				INFOPLIST_FILE = "Control FunUITests/Info.plist";
				LD_RUNPATH_SEARCH_PATHS = "$(inherited) @executable_path/Frameworks @loader_path/Frameworks";
				PRODUCT_BUNDLE_IDENTIFIER = "xiaobolo.Control-FunUITests";
				PRODUCT_NAME = "$(TARGET_NAME)";
				SWIFT_VERSION = 4.0;
				TARGETED_DEVICE_FAMILY = "1,2";
				TEST_TARGET_NAME = "Control Fun";
			};
			name = Release;
		};
/* End XCBuildConfiguration section */

/* Begin XCConfigurationList section */
		AF07A5B51FFF680E00072471 /* Build configuration list for PBXProject "Control Fun" */ = {
			isa = XCConfigurationList;
			buildConfigurations = (
				AF07A5E01FFF680E00072471 /* Debug */,
				AF07A5E11FFF680E00072471 /* Release */,
			);
			defaultConfigurationIsVisible = 0;
			defaultConfigurationName = Release;
		};
		AF07A5E21FFF680E00072471 /* Build configuration list for PBXNativeTarget "Control Fun" */ = {
			isa = XCConfigurationList;
			buildConfigurations = (
				AF07A5E31FFF680E00072471 /* Debug */,
				AF07A5E41FFF680E00072471 /* Release */,
			);
			defaultConfigurationIsVisible = 0;
			defaultConfigurationName = Release;
		};
		AF07A5E51FFF680E00072471 /* Build configuration list for PBXNativeTarget "Control FunTests" */ = {
			isa = XCConfigurationList;
			buildConfigurations = (
				AF07A5E61FFF680E00072471 /* Debug */,
				AF07A5E71FFF680E00072471 /* Release */,
			);
			defaultConfigurationIsVisible = 0;
			defaultConfigurationName = Release;
		};
		AF07A5E81FFF680E00072471 /* Build configuration list for PBXNativeTarget "Control FunUITests" */ = {
			isa = XCConfigurationList;
			buildConfigurations = (
				AF07A5E91FFF680E00072471 /* Debug */,
				AF07A5EA1FFF680E00072471 /* Release */,
			);
			defaultConfigurationIsVisible = 0;
			defaultConfigurationName = Release;
		};
/* End XCConfigurationList section */
	};
	rootObject = AF07A5B21FFF680E00072471 /* Project object */;
}
